PODS:
  - Alamofire (5.2.2)
  - SnapKit (5.0.1)
  - SwifterSwift (5.0.0):
    - SwifterSwift/AppKit (= 5.0.0)
    - SwifterSwift/CoreGraphics (= 5.0.0)
    - SwifterSwift/CoreLocation (= 5.0.0)
    - SwifterSwift/Dispatch (= 5.0.0)
    - SwifterSwift/Foundation (= 5.0.0)
    - SwifterSwift/MapKit (= 5.0.0)
    - SwifterSwift/SpriteKit (= 5.0.0)
    - SwifterSwift/SwiftStdlib (= 5.0.0)
    - SwifterSwift/UIKit (= 5.0.0)
  - SwifterSwift/AppKit (5.0.0)
  - SwifterSwift/CoreGraphics (5.0.0)
  - SwifterSwift/CoreLocation (5.0.0)
  - SwifterSwift/Dispatch (5.0.0)
  - SwifterSwift/Foundation (5.0.0)
  - SwifterSwift/MapKit (5.0.0)
  - SwifterSwift/SpriteKit (5.0.0)
  - SwifterSwift/SwiftStdlib (5.0.0)
  - SwifterSwift/UIKit (5.0.0)
  - SwiftLint (0.35.0)
  - SwiftyBeaver (1.7.1)

DEPENDENCIES:
  - Alamofire
  - SnapKit
  - SwifterSwift
  - SwiftLint
  - SwiftyBeaver

SPEC REPOS:
  https://github.com/CocoaPods/Specs.git:
    - SnapKit
    - SwifterSwift
    - SwiftLint
    - SwiftyBeaver
  trunk:
    - Alamofire

SPEC CHECKSUMS:
  Alamofire: 814429acc853c6c54ff123fc3d2ef66803823ce0
  SnapKit: 97b92857e3df3a0c71833cce143274bf6ef8e5eb
  SwifterSwift: 96f90594b370802f01647c2b1229c74a84ffafee
  SwiftLint: 5553187048b900c91aa03552807681bb6b027846
  SwiftyBeaver: da5e573ad583586c18236324c36900990afe1733

PODFILE CHECKSUM: c2c533dbd02ab072a03170c02c0fa779fc77304b

COCOAPODS: 1.8.4
